// !$*UTF8*$!
{
	archiveVersion = 1;
	classes = {
	};
	objectVersion = 56;
	objects = {

/* Begin PBXBuildFile section */
		082CD8092B03CCD900FD81F8 /* HealthApp.swift in Sources */ = {isa = PBXBuildFile; fileRef = 082CD8082B03CCD900FD81F8 /* HealthApp.swift */; };
		082CD80B2B03CCD900FD81F8 /* ContentView.swift in Sources */ = {isa = PBXBuildFile; fileRef = 082CD80A2B03CCD900FD81F8 /* ContentView.swift */; };
		082CD80D2B03CCDA00FD81F8 /* Assets.xcassets in Resources */ = {isa = PBXBuildFile; fileRef = 082CD80C2B03CCDA00FD81F8 /* Assets.xcassets */; };
		082CD8102B03CCDA00FD81F8 /* Preview Assets.xcassets in Resources */ = {isa = PBXBuildFile; fileRef = 082CD80F2B03CCDA00FD81F8 /* Preview Assets.xcassets */; };
		085616352B051C8A00A8256F /* FactorsView.swift in Sources */ = {isa = PBXBuildFile; fileRef = 085616342B051C8A00A8256F /* FactorsView.swift */; };
		085616372B06380700A8256F /* CalendarView.swift in Sources */ = {isa = PBXBuildFile; fileRef = 085616362B06380700A8256F /* CalendarView.swift */; };
		0856163B2B06654700A8256F /* CycleLogView.swift in Sources */ = {isa = PBXBuildFile; fileRef = 0856163A2B06654700A8256F /* CycleLogView.swift */; };
		0856163F2B066C5100A8256F /* CycleHistoryView.swift in Sources */ = {isa = PBXBuildFile; fileRef = 0856163E2B066C5100A8256F /* CycleHistoryView.swift */; };
		085616412B0676BE00A8256F /* InfoCardsModel.swift in Sources */ = {isa = PBXBuildFile; fileRef = 085616402B0676BE00A8256F /* InfoCardsModel.swift */; };
		085616432B067A1100A8256F /* InfoCardsViewModel.swift in Sources */ = {isa = PBXBuildFile; fileRef = 085616422B067A1100A8256F /* InfoCardsViewModel.swift */; };
		085616452B067E8800A8256F /* CardView.swift in Sources */ = {isa = PBXBuildFile; fileRef = 085616442B067E8800A8256F /* CardView.swift */; };
/* End PBXBuildFile section */

/* Begin PBXFileReference section */
		082CD8052B03CCD900FD81F8 /* Health.app */ = {isa = PBXFileReference; explicitFileType = wrapper.application; includeInIndex = 0; path = Health.app; sourceTree = BUILT_PRODUCTS_DIR; };
		082CD8082B03CCD900FD81F8 /* HealthApp.swift */ = {isa = PBXFileReference; lastKnownFileType = sourcecode.swift; path = HealthApp.swift; sourceTree = "<group>"; };
		082CD80A2B03CCD900FD81F8 /* ContentView.swift */ = {isa = PBXFileReference; lastKnownFileType = sourcecode.swift; path = ContentView.swift; sourceTree = "<group>"; };
		082CD80C2B03CCDA00FD81F8 /* Assets.xcassets */ = {isa = PBXFileReference; lastKnownFileType = folder.assetcatalog; path = Assets.xcassets; sourceTree = "<group>"; };
		082CD80F2B03CCDA00FD81F8 /* Preview Assets.xcassets */ = {isa = PBXFileReference; lastKnownFileType = folder.assetcatalog; path = "Preview Assets.xcassets"; sourceTree = "<group>"; };
		085616342B051C8A00A8256F /* FactorsView.swift */ = {isa = PBXFileReference; lastKnownFileType = sourcecode.swift; path = FactorsView.swift; sourceTree = "<group>"; };
		085616362B06380700A8256F /* CalendarView.swift */ = {isa = PBXFileReference; lastKnownFileType = sourcecode.swift; path = CalendarView.swift; sourceTree = "<group>"; };
		0856163A2B06654700A8256F /* CycleLogView.swift */ = {isa = PBXFileReference; lastKnownFileType = sourcecode.swift; path = CycleLogView.swift; sourceTree = "<group>"; };
		0856163E2B066C5100A8256F /* CycleHistoryView.swift */ = {isa = PBXFileReference; lastKnownFileType = sourcecode.swift; path = CycleHistoryView.swift; sourceTree = "<group>"; };
		085616402B0676BE00A8256F /* InfoCardsModel.swift */ = {isa = PBXFileReference; lastKnownFileType = sourcecode.swift; path = InfoCardsModel.swift; sourceTree = "<group>"; };
		085616422B067A1100A8256F /* InfoCardsViewModel.swift */ = {isa = PBXFileReference; lastKnownFileType = sourcecode.swift; path = InfoCardsViewModel.swift; sourceTree = "<group>"; };
		085616442B067E8800A8256F /* CardView.swift */ = {isa = PBXFileReference; lastKnownFileType = sourcecode.swift; path = CardView.swift; sourceTree = "<group>"; };
/* End PBXFileReference section */

/* Begin PBXFrameworksBuildPhase section */
		082CD8022B03CCD900FD81F8 /* Frameworks */ = {
			isa = PBXFrameworksBuildPhase;
			buildActionMask = 2147483647;
			files = (
			);
			runOnlyForDeploymentPostprocessing = 0;
		};
/* End PBXFrameworksBuildPhase section */

/* Begin PBXGroup section */
		082CD7FC2B03CCD900FD81F8 = {
			isa = PBXGroup;
			children = (
				082CD8072B03CCD900FD81F8 /* Health */,
				082CD8062B03CCD900FD81F8 /* Products */,
			);
			sourceTree = "<group>";
		};
		082CD8062B03CCD900FD81F8 /* Products */ = {
			isa = PBXGroup;
			children = (
				082CD8052B03CCD900FD81F8 /* Health.app */,
			);
			name = Products;
			sourceTree = "<group>";
		};
		082CD8072B03CCD900FD81F8 /* Health */ = {
			isa = PBXGroup;
			children = (
				082CD8082B03CCD900FD81F8 /* HealthApp.swift */,
				082CD80A2B03CCD900FD81F8 /* ContentView.swift */,
				085616402B0676BE00A8256F /* InfoCardsModel.swift */,
				085616422B067A1100A8256F /* InfoCardsViewModel.swift */,
				085616442B067E8800A8256F /* CardView.swift */,
				0856163E2B066C5100A8256F /* CycleHistoryView.swift */,
				0856163A2B06654700A8256F /* CycleLogView.swift */,
				085616362B06380700A8256F /* CalendarView.swift */,
				085616342B051C8A00A8256F /* FactorsView.swift */,
				082CD80C2B03CCDA00FD81F8 /* Assets.xcassets */,
				082CD80E2B03CCDA00FD81F8 /* Preview Content */,
			);
			path = Health;
			sourceTree = "<group>";
		};
		082CD80E2B03CCDA00FD81F8 /* Preview Content */ = {
			isa = PBXGroup;
			children = (
				082CD80F2B03CCDA00FD81F8 /* Preview Assets.xcassets */,
			);
			path = "Preview Content";
			sourceTree = "<group>";
		};
/* End PBXGroup section */

/* Begin PBXNativeTarget section */
		082CD8042B03CCD900FD81F8 /* Health */ = {
			isa = PBXNativeTarget;
			buildConfigurationList = 082CD8132B03CCDA00FD81F8 /* Build configuration list for PBXNativeTarget "Health" */;
			buildPhases = (
				082CD8012B03CCD900FD81F8 /* Sources */,
				082CD8022B03CCD900FD81F8 /* Frameworks */,
				082CD8032B03CCD900FD81F8 /* Resources */,
			);
			buildRules = (
			);
			dependencies = (
			);
			name = Health;
			packageProductDependencies = (
			);
			productName = Health;
			productReference = 082CD8052B03CCD900FD81F8 /* Health.app */;
			productType = "com.apple.product-type.application";
		};
/* End PBXNativeTarget section */

/* Begin PBXProject section */
		082CD7FD2B03CCD900FD81F8 /* Project object */ = {
			isa = PBXProject;
			attributes = {
				BuildIndependentTargetsInParallel = 1;
				LastSwiftUpdateCheck = 1500;
				LastUpgradeCheck = 1500;
				TargetAttributes = {
					082CD8042B03CCD900FD81F8 = {
						CreatedOnToolsVersion = 15.0;
					};
				};
			};
			buildConfigurationList = 082CD8002B03CCD900FD81F8 /* Build configuration list for PBXProject "Health" */;
			compatibilityVersion = "Xcode 14.0";
			developmentRegion = en;
			hasScannedForEncodings = 0;
			knownRegions = (
				en,
				Base,
			);
			mainGroup = 082CD7FC2B03CCD900FD81F8;
			packageReferences = (
			);
			productRefGroup = 082CD8062B03CCD900FD81F8 /* Products */;
			projectDirPath = "";
			projectRoot = "";
			targets = (
				082CD8042B03CCD900FD81F8 /* Health */,
			);
		};
/* End PBXProject section */

/* Begin PBXResourcesBuildPhase section */
		082CD8032B03CCD900FD81F8 /* Resources */ = {
			isa = PBXResourcesBuildPhase;
			buildActionMask = 2147483647;
			files = (
				082CD8102B03CCDA00FD81F8 /* Preview Assets.xcassets in Resources */,
				082CD80D2B03CCDA00FD81F8 /* Assets.xcassets in Resources */,
			);
			runOnlyForDeploymentPostprocessing = 0;
		};
/* End PBXResourcesBuildPhase section */

/* Begin PBXSourcesBuildPhase section */
		082CD8012B03CCD900FD81F8 /* Sources */ = {
			isa = PBXSourcesBuildPhase;
			buildActionMask = 2147483647;
			files = (
				085616432B067A1100A8256F /* InfoCardsViewModel.swift in Sources */,
				085616452B067E8800A8256F /* CardView.swift in Sources */,
				085616352B051C8A00A8256F /* FactorsView.swift in Sources */,
				082CD80B2B03CCD900FD81F8 /* ContentView.swift in Sources */,
				0856163F2B066C5100A8256F /* CycleHistoryView.swift in Sources */,
				085616372B06380700A8256F /* CalendarView.swift in Sources */,
				082CD8092B03CCD900FD81F8 /* HealthApp.swift in Sources */,
				0856163B2B06654700A8256F /* CycleLogView.swift in Sources */,
				085616412B0676BE00A8256F /* InfoCardsModel.swift in Sources */,
			);
			runOnlyForDeploymentPostprocessing = 0;
		};
/* End PBXSourcesBuildPhase section */

/* Begin XCBuildConfiguration section */
		082CD8112B03CCDA00FD81F8 /* Debug */ = {
			isa = XCBuildConfiguration;
			buildSettings = {
				ALWAYS_SEARCH_USER_PATHS = NO;
				ASSETCATALOG_COMPILER_GENERATE_SWIFT_ASSET_SYMBOL_EXTENSIONS = YES;
				CLANG_ANALYZER_NONNULL = YES;
				CLANG_ANALYZER_NUMBER_OBJECT_CONVERSION = YES_AGGRESSIVE;
				CLANG_CXX_LANGUAGE_STANDARD = "gnu++20";
				CLANG_ENABLE_MODULES = YES;
				CLANG_ENABLE_OBJC_ARC = YES;
				CLANG_ENABLE_OBJC_WEAK = YES;
				CLANG_WARN_BLOCK_CAPTURE_AUTORELEASING = YES;
				CLANG_WARN_BOOL_CONVERSION = YES;
				CLANG_WARN_COMMA = YES;
				CLANG_WARN_CONSTANT_CONVERSION = YES;
				CLANG_WARN_DEPRECATED_OBJC_IMPLEMENTATIONS = YES;
				CLANG_WARN_DIRECT_OBJC_ISA_USAGE = YES_ERROR;
				CLANG_WARN_DOCUMENTATION_COMMENTS = YES;
				CLANG_WARN_EMPTY_BODY = YES;
				CLANG_WARN_ENUM_CONVERSION = YES;
				CLANG_WARN_INFINITE_RECURSION = YES;
				CLANG_WARN_INT_CONVERSION = YES;
				CLANG_WARN_NON_LITERAL_NULL_CONVERSION = YES;
				CLANG_WARN_OBJC_IMPLICIT_RETAIN_SELF = YES;
				CLANG_WARN_OBJC_LITERAL_CONVERSION = YES;
				CLANG_WARN_OBJC_ROOT_CLASS = YES_ERROR;
				CLANG_WARN_QUOTED_INCLUDE_IN_FRAMEWORK_HEADER = YES;
				CLANG_WARN_RANGE_LOOP_ANALYSIS = YES;
				CLANG_WARN_STRICT_PROTOTYPES = YES;
				CLANG_WARN_SUSPICIOUS_MOVE = YES;
				CLANG_WARN_UNGUARDED_AVAILABILITY = YES_AGGRESSIVE;
				CLANG_WARN_UNREACHABLE_CODE = YES;
				CLANG_WARN__DUPLICATE_METHOD_MATCH = YES;
				COPY_PHASE_STRIP = NO;
				DEBUG_INFORMATION_FORMAT = dwarf;
				ENABLE_STRICT_OBJC_MSGSEND = YES;
				ENABLE_TESTABILITY = YES;
				ENABLE_USER_SCRIPT_SANDBOXING = YES;
				GCC_C_LANGUAGE_STANDARD = gnu17;
				GCC_DYNAMIC_NO_PIC = NO;
				GCC_NO_COMMON_BLOCKS = YES;
				GCC_OPTIMIZATION_LEVEL = 0;
				GCC_PREPROCESSOR_DEFINITIONS = (
					"DEBUG=1",
					"$(inherited)",
				);
				GCC_WARN_64_TO_32_BIT_CONVERSION = YES;
				GCC_WARN_ABOUT_RETURN_TYPE = YES_ERROR;
				GCC_WARN_UNDECLARED_SELECTOR = YES;
				GCC_WARN_UNINITIALIZED_AUTOS = YES_AGGRESSIVE;
				GCC_WARN_UNUSED_FUNCTION = YES;
				GCC_WARN_UNUSED_VARIABLE = YES;
				IPHONEOS_DEPLOYMENT_TARGET = 17.0;
				LOCALIZATION_PREFERS_STRING_CATALOGS = YES;
				MTL_ENABLE_DEBUG_INFO = INCLUDE_SOURCE;
				MTL_FAST_MATH = YES;
				ONLY_ACTIVE_ARCH = YES;
				SDKROOT = iphoneos;
				SWIFT_ACTIVE_COMPILATION_CONDITIONS = "DEBUG $(inherited)";
				SWIFT_OPTIMIZATION_LEVEL = "-Onone";
			};
			name = Debug;
		};
		082CD8122B03CCDA00FD81F8 /* Release */ = {
			isa = XCBuildConfiguration;
			buildSettings = {
				ALWAYS_SEARCH_USER_PATHS = NO;
				ASSETCATALOG_COMPILER_GENERATE_SWIFT_ASSET_SYMBOL_EXTENSIONS = YES;
				CLANG_ANALYZER_NONNULL = YES;
				CLANG_ANALYZER_NUMBER_OBJECT_CONVERSION = YES_AGGRESSIVE;
				CLANG_CXX_LANGUAGE_STANDARD = "gnu++20";
				CLANG_ENABLE_MODULES = YES;
				CLANG_ENABLE_OBJC_ARC = YES;
				CLANG_ENABLE_OBJC_WEAK = YES;
				CLANG_WARN_BLOCK_CAPTURE_AUTORELEASING = YES;
				CLANG_WARN_BOOL_CONVERSION = YES;
				CLANG_WARN_COMMA = YES;
				CLANG_WARN_CONSTANT_CONVERSION = YES;
				CLANG_WARN_DEPRECATED_OBJC_IMPLEMENTATIONS = YES;
				CLANG_WARN_DIRECT_OBJC_ISA_USAGE = YES_ERROR;
				CLANG_WARN_DOCUMENTATION_COMMENTS = YES;
				CLANG_WARN_EMPTY_BODY = YES;
				CLANG_WARN_ENUM_CONVERSION = YES;
				CLANG_WARN_INFINITE_RECURSION = YES;
				CLANG_WARN_INT_CONVERSION = YES;
				CLANG_WARN_NON_LITERAL_NULL_CONVERSION = YES;
				CLANG_WARN_OBJC_IMPLICIT_RETAIN_SELF = YES;
				CLANG_WARN_OBJC_LITERAL_CONVERSION = YES;
				CLANG_WARN_OBJC_ROOT_CLASS = YES_ERROR;
				CLANG_WARN_QUOTED_INCLUDE_IN_FRAMEWORK_HEADER = YES;
				CLANG_WARN_RANGE_LOOP_ANALYSIS = YES;
				CLANG_WARN_STRICT_PROTOTYPES = YES;
				CLANG_WARN_SUSPICIOUS_MOVE = YES;
				CLANG_WARN_UNGUARDED_AVAILABILITY = YES_AGGRESSIVE;
				CLANG_WARN_UNREACHABLE_CODE = YES;
				CLANG_WARN__DUPLICATE_METHOD_MATCH = YES;
				COPY_PHASE_STRIP = NO;
				DEBUG_INFORMATION_FORMAT = "dwarf-with-dsym";
				ENABLE_NS_ASSERTIONS = NO;
				ENABLE_STRICT_OBJC_MSGSEND = YES;
				ENABLE_USER_SCRIPT_SANDBOXING = YES;
				GCC_C_LANGUAGE_STANDARD = gnu17;
				GCC_NO_COMMON_BLOCKS = YES;
				GCC_WARN_64_TO_32_BIT_CONVERSION = YES;
				GCC_WARN_ABOUT_RETURN_TYPE = YES_ERROR;
				GCC_WARN_UNDECLARED_SELECTOR = YES;
				GCC_WARN_UNINITIALIZED_AUTOS = YES_AGGRESSIVE;
				GCC_WARN_UNUSED_FUNCTION = YES;
				GCC_WARN_UNUSED_VARIABLE = YES;
				IPHONEOS_DEPLOYMENT_TARGET = 17.0;
				LOCALIZATION_PREFERS_STRING_CATALOGS = YES;
				MTL_ENABLE_DEBUG_INFO = NO;
				MTL_FAST_MATH = YES;
				SDKROOT = iphoneos;
				SWIFT_COMPILATION_MODE = wholemodule;
				VALIDATE_PRODUCT = YES;
			};
			name = Release;
		};
		082CD8142B03CCDA00FD81F8 /* Debug */ = {
			isa = XCBuildConfiguration;
			buildSettings = {
				ASSETCATALOG_COMPILER_APPICON_NAME = AppIcon;
				ASSETCATALOG_COMPILER_GLOBAL_ACCENT_COLOR_NAME = AccentColor;
				CODE_SIGN_STYLE = Automatic;
				CURRENT_PROJECT_VERSION = 1;
				DEVELOPMENT_ASSET_PATHS = "\"Health/Preview Content\"";
				DEVELOPMENT_TEAM = C784BSN9V5;
				ENABLE_PREVIEWS = YES;
				GENERATE_INFOPLIST_FILE = YES;
				INFOPLIST_KEY_UIApplicationSceneManifest_Generation = YES;
				INFOPLIST_KEY_UIApplicationSupportsIndirectInputEvents = YES;
				INFOPLIST_KEY_UILaunchScreen_Generation = YES;
				INFOPLIST_KEY_UISupportedInterfaceOrientations_iPad = "UIInterfaceOrientationPortrait UIInterfaceOrientationPortraitUpsideDown UIInterfaceOrientationLandscapeLeft UIInterfaceOrientationLandscapeRight";
				INFOPLIST_KEY_UISupportedInterfaceOrientations_iPhone = "UIInterfaceOrientationPortrait UIInterfaceOrientationLandscapeLeft UIInterfaceOrientationLandscapeRight";
				LD_RUNPATH_SEARCH_PATHS = (
					"$(inherited)",
					"@executable_path/Frameworks",
				);
				MARKETING_VERSION = 1.0;
				PRODUCT_BUNDLE_IDENTIFIER = com.michelpellegrin.Health;
				PRODUCT_NAME = "$(TARGET_NAME)";
				SWIFT_EMIT_LOC_STRINGS = YES;
				SWIFT_VERSION = 5.0;
				TARGETED_DEVICE_FAMILY = "1,2";
			};
			name = Debug;
		};
		082CD8152B03CCDA00FD81F8 /* Release */ = {
			isa = XCBuildConfiguration;
			buildSettings = {
				ASSETCATALOG_COMPILER_APPICON_NAME = AppIcon;
				ASSETCATALOG_COMPILER_GLOBAL_ACCENT_COLOR_NAME = AccentColor;
				CODE_SIGN_STYLE = Automatic;
				CURRENT_PROJECT_VERSION = 1;
				DEVELOPMENT_ASSET_PATHS = "\"Health/Preview Content\"";
				DEVELOPMENT_TEAM = C784BSN9V5;
				ENABLE_PREVIEWS = YES;
				GENERATE_INFOPLIST_FILE = YES;
				INFOPLIST_KEY_UIApplicationSceneManifest_Generation = YES;
				INFOPLIST_KEY_UIApplicationSupportsIndirectInputEvents = YES;
				INFOPLIST_KEY_UILaunchScreen_Generation = YES;
				INFOPLIST_KEY_UISupportedInterfaceOrientations_iPad = "UIInterfaceOrientationPortrait UIInterfaceOrientationPortraitUpsideDown UIInterfaceOrientationLandscapeLeft UIInterfaceOrientationLandscapeRight";
				INFOPLIST_KEY_UISupportedInterfaceOrientations_iPhone = "UIInterfaceOrientationPortrait UIInterfaceOrientationLandscapeLeft UIInterfaceOrientationLandscapeRight";
				LD_RUNPATH_SEARCH_PATHS = (
					"$(inherited)",
					"@executable_path/Frameworks",
				);
				MARKETING_VERSION = 1.0;
				PRODUCT_BUNDLE_IDENTIFIER = com.michelpellegrin.Health;
				PRODUCT_NAME = "$(TARGET_NAME)";
				SWIFT_EMIT_LOC_STRINGS = YES;
				SWIFT_VERSION = 5.0;
				TARGETED_DEVICE_FAMILY = "1,2";
			};
			name = Release;
		};
/* End XCBuildConfiguration section */

/* Begin XCConfigurationList section */
		082CD8002B03CCD900FD81F8 /* Build configuration list for PBXProject "Health" */ = {
			isa = XCConfigurationList;
			buildConfigurations = (
				082CD8112B03CCDA00FD81F8 /* Debug */,
				082CD8122B03CCDA00FD81F8 /* Release */,
			);
			defaultConfigurationIsVisible = 0;
			defaultConfigurationName = Release;
		};
		082CD8132B03CCDA00FD81F8 /* Build configuration list for PBXNativeTarget "Health" */ = {
			isa = XCConfigurationList;
			buildConfigurations = (
				082CD8142B03CCDA00FD81F8 /* Debug */,
				082CD8152B03CCDA00FD81F8 /* Release */,
			);
			defaultConfigurationIsVisible = 0;
			defaultConfigurationName = Release;
		};
/* End XCConfigurationList section */
	};
	rootObject = 082CD7FD2B03CCD900FD81F8 /* Project object */;
}
